
Microsoft Visual Studio Solution File, Format Version 12.00
# Visual Studio Version 17
VisualStudioVersion = 17.4.33110.190
MinimumVisualStudioVersion = 10.0.40219.1
Project("{FAE04EC0-301F-11D3-BF4B-00C04F79EFBC}") = "formationBackend", "formationBackend\formationBackend.csproj", "{0C679ABC-E863-437D-AF34-7636F8FA6055}"
EndProject
Global
	GlobalSection(SolutionConfigurationPlatforms) = preSolution
		Debug|Any CPU = Debug|Any CPU
		Release|Any CPU = Release|Any CPU
	EndGlobalSection
	GlobalSection(ProjectConfigurationPlatforms) = postSolution
		{0C679ABC-E863-437D-AF34-7636F8FA6055}.Debug|Any CPU.ActiveCfg = Debug|Any CPU
		{0C679ABC-E863-437D-AF34-7636F8FA6055}.Debug|Any CPU.Build.0 = Debug|Any CPU
		{0C679ABC-E863-437D-AF34-7636F8FA6055}.Release|Any CPU.ActiveCfg = Release|Any CPU
		{0C679ABC-E863-437D-AF34-7636F8FA6055}.Release|Any CPU.Build.0 = Release|Any CPU
	EndGlobalSection
	GlobalSection(SolutionProperties) = preSolution
		HideSolutionNode = FALSE
	EndGlobalSection
	GlobalSection(ExtensibilityGlobals) = postSolution
		SolutionGuid = {4FAB28E4-3D70-422C-9BED-17E3A74654DA}
	EndGlobalSection
EndGlobal
